
Microsoft Visual Studio Solution File, Format Version 12.00
# Visual Studio for Mac
Project("{FAE04EC0-301F-11D3-BF4B-00C04F79EFBC}") = "Assembly-CSharp", "Assembly-CSharp.csproj", "{56245719-CB1E-9CDD-FF45-781C8F883CCF}"
EndProject
Project("{FAE04EC0-301F-11D3-BF4B-00C04F79EFBC}") = "Assembly-CSharp-Editor", "Assembly-CSharp-Editor.csproj", "{4E6B3BA1-A3FB-83F2-77C2-DEC9BA58A865}"
EndProject
Global
	GlobalSection(SolutionConfigurationPlatforms) = preSolution
		Debug|Any CPU = Debug|Any CPU
		Release|Any CPU = Release|Any CPU
	EndGlobalSection
	GlobalSection(ProjectConfigurationPlatforms) = postSolution
		{56245719-CB1E-9CDD-FF45-781C8F883CCF}.Debug|Any CPU.ActiveCfg = Debug|Any CPU
		{56245719-CB1E-9CDD-FF45-781C8F883CCF}.Debug|Any CPU.Build.0 = Debug|Any CPU
		{56245719-CB1E-9CDD-FF45-781C8F883CCF}.Release|Any CPU.ActiveCfg = Release|Any CPU
		{56245719-CB1E-9CDD-FF45-781C8F883CCF}.Release|Any CPU.Build.0 = Release|Any CPU
		{4E6B3BA1-A3FB-83F2-77C2-DEC9BA58A865}.Debug|Any CPU.ActiveCfg = Debug|Any CPU
		{4E6B3BA1-A3FB-83F2-77C2-DEC9BA58A865}.Debug|Any CPU.Build.0 = Debug|Any CPU
		{4E6B3BA1-A3FB-83F2-77C2-DEC9BA58A865}.Release|Any CPU.ActiveCfg = Release|Any CPU
		{4E6B3BA1-A3FB-83F2-77C2-DEC9BA58A865}.Release|Any CPU.Build.0 = Release|Any CPU
	EndGlobalSection
	GlobalSection(SolutionProperties) = preSolution
		HideSolutionNode = FALSE
	EndGlobalSection
EndGlobal
